
Microsoft Visual Studio Solution File, Format Version 12.00
# Visual Studio Version 17
VisualStudioVersion = 17.8.34322.80
MinimumVisualStudioVersion = 10.0.40219.1
Project("{9A19103F-16F7-4668-BE54-9A1E7A4F7556}") = "SSE.WebApp", "SSE.WebApp\SSE.WebApp.csproj", "{53F43251-BDF0-437E-AB2B-415FD70F9602}"
EndProject
Project("{2150E333-8FDC-42A3-9474-1A3956D46DE8}") = "SSE", "SSE", "{94E8ABAD-D35E-4886-8E48-2061D5898F8D}"
EndProject
Project("{9A19103F-16F7-4668-BE54-9A1E7A4F7556}") = "SSE.Core.VectoRank", "Core\SSE.Core.VectoRank\SSE.Core.VectoRank.csproj", "{35151C05-0808-453E-ABCB-BB02C862C0D9}"
EndProject
Project("{2150E333-8FDC-42A3-9474-1A3956D46DE8}") = "SSE.VectorData", "SSE.VectorData", "{A3F16EFD-9394-4FFA-AB45-0FB56237DAA3}"
EndProject
Project("{9A19103F-16F7-4668-BE54-9A1E7A4F7556}") = "SSE.VectorData.Infrastructure", "SSE.VectorData\SSE.VectorData.Infrastructure\SSE.VectorData.Infrastructure.csproj", "{1A501A46-0304-4421-8FF3-27BEF0C62916}"
EndProject
Project("{9A19103F-16F7-4668-BE54-9A1E7A4F7556}") = "SSE.VectorData.Application", "SSE.VectorData\SSE.VectorData.Application\SSE.VectorData.Application.csproj", "{8E223952-BE2D-40E1-8972-FD836C31231B}"
EndProject
Project("{9A19103F-16F7-4668-BE54-9A1E7A4F7556}") = "SSE.VectorData.WebAPI", "SSE.VectorData\SSE.VectorData.WebAPI\SSE.VectorData.WebAPI.csproj", "{65330F5F-9A28-4A28-AB22-1CD37975A63E}"
EndProject
Project("{9A19103F-16F7-4668-BE54-9A1E7A4F7556}") = "SSE.VectorData.Domain", "SSE.VectorData\SSE.VectorData.Domain\SSE.VectorData.Domain.csproj", "{2EA3990B-87BA-4898-8776-4AEB3768A7FC}"
EndProject
Project("{2150E333-8FDC-42A3-9474-1A3956D46DE8}") = "SSE.GPT", "SSE.GPT", "{D38D4CA9-36FE-4A44-81BF-A33D9C9B5110}"
EndProject
Project("{9A19103F-16F7-4668-BE54-9A1E7A4F7556}") = "SSE.GPT.Application", "SSE.GPT\SSE.GPT.Application\SSE.GPT.Application.csproj", "{F4A72E52-1D1B-472F-8ED5-C2905CA9C049}"
EndProject
Project("{9A19103F-16F7-4668-BE54-9A1E7A4F7556}") = "SSE.GPT.WebAPI", "SSE.GPT\SSE.GPT.WebAPI\SSE.GPT.WebAPI.csproj", "{6B46E7F3-5B53-41AF-9EFC-8B2484DA159A}"
EndProject
Project("{2150E333-8FDC-42A3-9474-1A3956D46DE8}") = "SSE.Panel", "SSE.Panel", "{76388B58-406B-4457-9013-AD660749B57B}"
EndProject
Project("{9A19103F-16F7-4668-BE54-9A1E7A4F7556}") = "SSE.Panel.WebApp", "SSE.Panel\SSE.Panel.WebApp\SSE.Panel.WebApp.csproj", "{583EF354-D4C2-484A-A680-F02C4D680B9D}"
EndProject
Project("{2150E333-8FDC-42A3-9474-1A3956D46DE8}") = "SSE.User", "SSE.User", "{E9339DEA-1ADB-4EFC-82B8-F637DC3DBB52}"
EndProject
Project("{9A19103F-16F7-4668-BE54-9A1E7A4F7556}") = "SSE.User.WebAPI", "SSE.User\SSE.User.WebAPI\SSE.User.WebAPI.csproj", "{87D36EBA-2DBB-45FC-8B79-76F7506BF25E}"
EndProject
Project("{9A19103F-16F7-4668-BE54-9A1E7A4F7556}") = "SSE.User.Application", "SSE.User\SSE.User.Application\SSE.User.Application.csproj", "{F0DB2E3E-9246-4EDD-8550-383AF46A6362}"
EndProject
Project("{9A19103F-16F7-4668-BE54-9A1E7A4F7556}") = "SSE.User.Domain", "SSE.User\SSE.User.Domain\SSE.User.Domain.csproj", "{EACEDC27-638F-46B6-B2A2-BA9CAA9C6DB0}"
EndProject
Project("{9A19103F-16F7-4668-BE54-9A1E7A4F7556}") = "SSE.User.Infrastructure", "SSE.User\SSE.User.Infrastructure\SSE.User.Infrastructure.csproj", "{8DB70A0E-2369-4E3E-8199-A89E618D962F}"
EndProject
Project("{2150E333-8FDC-42A3-9474-1A3956D46DE8}") = "SSE.Apps", "SSE.Apps", "{60DF2ED8-E728-44B6-B0CF-F74791A5E55E}"
EndProject
Project("{2150E333-8FDC-42A3-9474-1A3956D46DE8}") = "SSE.Membership", "SSE.Membership", "{745BF047-D924-479B-8206-85F1BFB78D29}"
EndProject
Project("{2150E333-8FDC-42A3-9474-1A3956D46DE8}") = "SSE.Engine", "SSE.Engine", "{E8E0A46C-15E7-4F23-923D-150BD0F05B88}"
EndProject
Project("{9A19103F-16F7-4668-BE54-9A1E7A4F7556}") = "SSE.Engine.Application", "SSE.Engine\SSE.Engine.Application\SSE.Engine.Application.csproj", "{B83D9377-B63E-442B-B9C0-4E00B9DF6F7C}"
EndProject
Project("{9A19103F-16F7-4668-BE54-9A1E7A4F7556}") = "SSE.Engine.WebAPI", "SSE.Engine\SSE.Engine.WebAPI\SSE.Engine.WebAPI.csproj", "{F5EC52A2-12EF-4A93-B4C3-70FB0E4C07DF}"
EndProject
Project("{9A19103F-16F7-4668-BE54-9A1E7A4F7556}") = "SSE.App.Application", "SSE.App\SSE.App.Application\SSE.App.Application.csproj", "{6F7AE1F5-D153-45E0-ADF0-F6A1320B9950}"
EndProject
Project("{9A19103F-16F7-4668-BE54-9A1E7A4F7556}") = "SSE.App.WebAPI", "SSE.App\SSE.App.WebAPI\SSE.App.WebAPI.csproj", "{C5736B3E-88C5-47CA-AE54-5D77551EDBE6}"
EndProject
Project("{9A19103F-16F7-4668-BE54-9A1E7A4F7556}") = "SSE.App.Tests", "SSE.App\SSE.App.Tests\SSE.App.Tests.csproj", "{DED200CE-3BD0-4A2C-B472-0BBCE6589E5C}"
EndProject
Project("{2150E333-8FDC-42A3-9474-1A3956D46DE8}") = "SSE.Mail", "SSE.Mail", "{EC2BB981-600D-4D05-AC1A-3BA4A162CD16}"
EndProject
Project("{9A19103F-16F7-4668-BE54-9A1E7A4F7556}") = "SSE.Mail.WebAPI", "SSE.Mail\SSE.Mail.WebAPI\SSE.Mail.WebAPI.csproj", "{78AA1E7E-722B-4167-B8D8-0723945C3B58}"
EndProject
Project("{2150E333-8FDC-42A3-9474-1A3956D46DE8}") = "SSE.Gateway", "SSE.Gateway", "{B4DA090B-68CB-42E8-A8BB-3AB16022FFAA}"
EndProject
Project("{2150E333-8FDC-42A3-9474-1A3956D46DE8}") = "SSE.Kubernetes.Definitions", "SSE.Kubernetes.Definitions", "{EB7D4BED-75CB-4CE8-9D18-1DD570025209}"
EndProject
Project("{9A19103F-16F7-4668-BE54-9A1E7A4F7556}") = "SSE.App.Infrastructure", "SSE.App\SSE.App.Infrastructure\SSE.App.Infrastructure.csproj", "{942EA1BA-D83E-4687-B165-436AA0BE87FE}"
EndProject
Project("{9A19103F-16F7-4668-BE54-9A1E7A4F7556}") = "SSE.App.Domain", "SSE.App\SSE.App.Domain\SSE.App.Domain.csproj", "{238896D3-5CF8-4ED1-8F1D-729CC173C7EE}"
EndProject
Global
	GlobalSection(SolutionConfigurationPlatforms) = preSolution
		Debug|Any CPU = Debug|Any CPU
		Release|Any CPU = Release|Any CPU
	EndGlobalSection
	GlobalSection(ProjectConfigurationPlatforms) = postSolution
		{53F43251-BDF0-437E-AB2B-415FD70F9602}.Debug|Any CPU.ActiveCfg = Debug|Any CPU
		{53F43251-BDF0-437E-AB2B-415FD70F9602}.Debug|Any CPU.Build.0 = Debug|Any CPU
		{53F43251-BDF0-437E-AB2B-415FD70F9602}.Release|Any CPU.ActiveCfg = Release|Any CPU
		{53F43251-BDF0-437E-AB2B-415FD70F9602}.Release|Any CPU.Build.0 = Release|Any CPU
		{35151C05-0808-453E-ABCB-BB02C862C0D9}.Debug|Any CPU.ActiveCfg = Debug|Any CPU
		{35151C05-0808-453E-ABCB-BB02C862C0D9}.Debug|Any CPU.Build.0 = Debug|Any CPU
		{35151C05-0808-453E-ABCB-BB02C862C0D9}.Release|Any CPU.ActiveCfg = Release|Any CPU
		{35151C05-0808-453E-ABCB-BB02C862C0D9}.Release|Any CPU.Build.0 = Release|Any CPU
		{1A501A46-0304-4421-8FF3-27BEF0C62916}.Debug|Any CPU.ActiveCfg = Debug|Any CPU
		{1A501A46-0304-4421-8FF3-27BEF0C62916}.Debug|Any CPU.Build.0 = Debug|Any CPU
		{1A501A46-0304-4421-8FF3-27BEF0C62916}.Release|Any CPU.ActiveCfg = Release|Any CPU
		{1A501A46-0304-4421-8FF3-27BEF0C62916}.Release|Any CPU.Build.0 = Release|Any CPU
		{8E223952-BE2D-40E1-8972-FD836C31231B}.Debug|Any CPU.ActiveCfg = Debug|Any CPU
		{8E223952-BE2D-40E1-8972-FD836C31231B}.Debug|Any CPU.Build.0 = Debug|Any CPU
		{8E223952-BE2D-40E1-8972-FD836C31231B}.Release|Any CPU.ActiveCfg = Release|Any CPU
		{8E223952-BE2D-40E1-8972-FD836C31231B}.Release|Any CPU.Build.0 = Release|Any CPU
		{65330F5F-9A28-4A28-AB22-1CD37975A63E}.Debug|Any CPU.ActiveCfg = Debug|Any CPU
		{65330F5F-9A28-4A28-AB22-1CD37975A63E}.Debug|Any CPU.Build.0 = Debug|Any CPU
		{65330F5F-9A28-4A28-AB22-1CD37975A63E}.Release|Any CPU.ActiveCfg = Release|Any CPU
		{65330F5F-9A28-4A28-AB22-1CD37975A63E}.Release|Any CPU.Build.0 = Release|Any CPU
		{2EA3990B-87BA-4898-8776-4AEB3768A7FC}.Debug|Any CPU.ActiveCfg = Debug|Any CPU
		{2EA3990B-87BA-4898-8776-4AEB3768A7FC}.Debug|Any CPU.Build.0 = Debug|Any CPU
		{2EA3990B-87BA-4898-8776-4AEB3768A7FC}.Release|Any CPU.ActiveCfg = Release|Any CPU
		{2EA3990B-87BA-4898-8776-4AEB3768A7FC}.Release|Any CPU.Build.0 = Release|Any CPU
		{F4A72E52-1D1B-472F-8ED5-C2905CA9C049}.Debug|Any CPU.ActiveCfg = Debug|Any CPU
		{F4A72E52-1D1B-472F-8ED5-C2905CA9C049}.Debug|Any CPU.Build.0 = Debug|Any CPU
		{F4A72E52-1D1B-472F-8ED5-C2905CA9C049}.Release|Any CPU.ActiveCfg = Release|Any CPU
		{F4A72E52-1D1B-472F-8ED5-C2905CA9C049}.Release|Any CPU.Build.0 = Release|Any CPU
		{6B46E7F3-5B53-41AF-9EFC-8B2484DA159A}.Debug|Any CPU.ActiveCfg = Debug|Any CPU
		{6B46E7F3-5B53-41AF-9EFC-8B2484DA159A}.Debug|Any CPU.Build.0 = Debug|Any CPU
		{6B46E7F3-5B53-41AF-9EFC-8B2484DA159A}.Release|Any CPU.ActiveCfg = Release|Any CPU
		{6B46E7F3-5B53-41AF-9EFC-8B2484DA159A}.Release|Any CPU.Build.0 = Release|Any CPU
		{583EF354-D4C2-484A-A680-F02C4D680B9D}.Debug|Any CPU.ActiveCfg = Debug|Any CPU
		{583EF354-D4C2-484A-A680-F02C4D680B9D}.Debug|Any CPU.Build.0 = Debug|Any CPU
		{583EF354-D4C2-484A-A680-F02C4D680B9D}.Release|Any CPU.ActiveCfg = Release|Any CPU
		{583EF354-D4C2-484A-A680-F02C4D680B9D}.Release|Any CPU.Build.0 = Release|Any CPU
		{87D36EBA-2DBB-45FC-8B79-76F7506BF25E}.Debug|Any CPU.ActiveCfg = Debug|Any CPU
		{87D36EBA-2DBB-45FC-8B79-76F7506BF25E}.Debug|Any CPU.Build.0 = Debug|Any CPU
		{87D36EBA-2DBB-45FC-8B79-76F7506BF25E}.Release|Any CPU.ActiveCfg = Release|Any CPU
		{87D36EBA-2DBB-45FC-8B79-76F7506BF25E}.Release|Any CPU.Build.0 = Release|Any CPU
		{F0DB2E3E-9246-4EDD-8550-383AF46A6362}.Debug|Any CPU.ActiveCfg = Debug|Any CPU
		{F0DB2E3E-9246-4EDD-8550-383AF46A6362}.Debug|Any CPU.Build.0 = Debug|Any CPU
		{F0DB2E3E-9246-4EDD-8550-383AF46A6362}.Release|Any CPU.ActiveCfg = Release|Any CPU
		{F0DB2E3E-9246-4EDD-8550-383AF46A6362}.Release|Any CPU.Build.0 = Release|Any CPU
		{EACEDC27-638F-46B6-B2A2-BA9CAA9C6DB0}.Debug|Any CPU.ActiveCfg = Debug|Any CPU
		{EACEDC27-638F-46B6-B2A2-BA9CAA9C6DB0}.Debug|Any CPU.Build.0 = Debug|Any CPU
		{EACEDC27-638F-46B6-B2A2-BA9CAA9C6DB0}.Release|Any CPU.ActiveCfg = Release|Any CPU
		{EACEDC27-638F-46B6-B2A2-BA9CAA9C6DB0}.Release|Any CPU.Build.0 = Release|Any CPU
		{8DB70A0E-2369-4E3E-8199-A89E618D962F}.Debug|Any CPU.ActiveCfg = Debug|Any CPU
		{8DB70A0E-2369-4E3E-8199-A89E618D962F}.Debug|Any CPU.Build.0 = Debug|Any CPU
		{8DB70A0E-2369-4E3E-8199-A89E618D962F}.Release|Any CPU.ActiveCfg = Release|Any CPU
		{8DB70A0E-2369-4E3E-8199-A89E618D962F}.Release|Any CPU.Build.0 = Release|Any CPU
		{B83D9377-B63E-442B-B9C0-4E00B9DF6F7C}.Debug|Any CPU.ActiveCfg = Debug|Any CPU
		{B83D9377-B63E-442B-B9C0-4E00B9DF6F7C}.Debug|Any CPU.Build.0 = Debug|Any CPU
		{B83D9377-B63E-442B-B9C0-4E00B9DF6F7C}.Release|Any CPU.ActiveCfg = Release|Any CPU
		{B83D9377-B63E-442B-B9C0-4E00B9DF6F7C}.Release|Any CPU.Build.0 = Release|Any CPU
		{F5EC52A2-12EF-4A93-B4C3-70FB0E4C07DF}.Debug|Any CPU.ActiveCfg = Debug|Any CPU
		{F5EC52A2-12EF-4A93-B4C3-70FB0E4C07DF}.Debug|Any CPU.Build.0 = Debug|Any CPU
		{F5EC52A2-12EF-4A93-B4C3-70FB0E4C07DF}.Release|Any CPU.ActiveCfg = Release|Any CPU
		{F5EC52A2-12EF-4A93-B4C3-70FB0E4C07DF}.Release|Any CPU.Build.0 = Release|Any CPU
		{6F7AE1F5-D153-45E0-ADF0-F6A1320B9950}.Debug|Any CPU.ActiveCfg = Debug|Any CPU
		{6F7AE1F5-D153-45E0-ADF0-F6A1320B9950}.Debug|Any CPU.Build.0 = Debug|Any CPU
		{6F7AE1F5-D153-45E0-ADF0-F6A1320B9950}.Release|Any CPU.ActiveCfg = Release|Any CPU
		{6F7AE1F5-D153-45E0-ADF0-F6A1320B9950}.Release|Any CPU.Build.0 = Release|Any CPU
		{C5736B3E-88C5-47CA-AE54-5D77551EDBE6}.Debug|Any CPU.ActiveCfg = Debug|Any CPU
		{C5736B3E-88C5-47CA-AE54-5D77551EDBE6}.Debug|Any CPU.Build.0 = Debug|Any CPU
		{C5736B3E-88C5-47CA-AE54-5D77551EDBE6}.Release|Any CPU.ActiveCfg = Release|Any CPU
		{C5736B3E-88C5-47CA-AE54-5D77551EDBE6}.Release|Any CPU.Build.0 = Release|Any CPU
		{DED200CE-3BD0-4A2C-B472-0BBCE6589E5C}.Debug|Any CPU.ActiveCfg = Debug|Any CPU
		{DED200CE-3BD0-4A2C-B472-0BBCE6589E5C}.Debug|Any CPU.Build.0 = Debug|Any CPU
		{DED200CE-3BD0-4A2C-B472-0BBCE6589E5C}.Release|Any CPU.ActiveCfg = Release|Any CPU
		{DED200CE-3BD0-4A2C-B472-0BBCE6589E5C}.Release|Any CPU.Build.0 = Release|Any CPU
		{78AA1E7E-722B-4167-B8D8-0723945C3B58}.Debug|Any CPU.ActiveCfg = Debug|Any CPU
		{78AA1E7E-722B-4167-B8D8-0723945C3B58}.Debug|Any CPU.Build.0 = Debug|Any CPU
		{78AA1E7E-722B-4167-B8D8-0723945C3B58}.Release|Any CPU.ActiveCfg = Release|Any CPU
		{78AA1E7E-722B-4167-B8D8-0723945C3B58}.Release|Any CPU.Build.0 = Release|Any CPU
		{942EA1BA-D83E-4687-B165-436AA0BE87FE}.Debug|Any CPU.ActiveCfg = Debug|Any CPU
		{942EA1BA-D83E-4687-B165-436AA0BE87FE}.Debug|Any CPU.Build.0 = Debug|Any CPU
		{942EA1BA-D83E-4687-B165-436AA0BE87FE}.Release|Any CPU.ActiveCfg = Release|Any CPU
		{942EA1BA-D83E-4687-B165-436AA0BE87FE}.Release|Any CPU.Build.0 = Release|Any CPU
		{238896D3-5CF8-4ED1-8F1D-729CC173C7EE}.Debug|Any CPU.ActiveCfg = Debug|Any CPU
		{238896D3-5CF8-4ED1-8F1D-729CC173C7EE}.Debug|Any CPU.Build.0 = Debug|Any CPU
		{238896D3-5CF8-4ED1-8F1D-729CC173C7EE}.Release|Any CPU.ActiveCfg = Release|Any CPU
		{238896D3-5CF8-4ED1-8F1D-729CC173C7EE}.Release|Any CPU.Build.0 = Release|Any CPU
	EndGlobalSection
	GlobalSection(SolutionProperties) = preSolution
		HideSolutionNode = FALSE
	EndGlobalSection
	GlobalSection(NestedProjects) = preSolution
		{35151C05-0808-453E-ABCB-BB02C862C0D9} = {94E8ABAD-D35E-4886-8E48-2061D5898F8D}
		{1A501A46-0304-4421-8FF3-27BEF0C62916} = {A3F16EFD-9394-4FFA-AB45-0FB56237DAA3}
		{8E223952-BE2D-40E1-8972-FD836C31231B} = {A3F16EFD-9394-4FFA-AB45-0FB56237DAA3}
		{65330F5F-9A28-4A28-AB22-1CD37975A63E} = {A3F16EFD-9394-4FFA-AB45-0FB56237DAA3}
		{2EA3990B-87BA-4898-8776-4AEB3768A7FC} = {A3F16EFD-9394-4FFA-AB45-0FB56237DAA3}
		{F4A72E52-1D1B-472F-8ED5-C2905CA9C049} = {D38D4CA9-36FE-4A44-81BF-A33D9C9B5110}
		{6B46E7F3-5B53-41AF-9EFC-8B2484DA159A} = {D38D4CA9-36FE-4A44-81BF-A33D9C9B5110}
		{583EF354-D4C2-484A-A680-F02C4D680B9D} = {76388B58-406B-4457-9013-AD660749B57B}
		{87D36EBA-2DBB-45FC-8B79-76F7506BF25E} = {E9339DEA-1ADB-4EFC-82B8-F637DC3DBB52}
		{F0DB2E3E-9246-4EDD-8550-383AF46A6362} = {E9339DEA-1ADB-4EFC-82B8-F637DC3DBB52}
		{EACEDC27-638F-46B6-B2A2-BA9CAA9C6DB0} = {E9339DEA-1ADB-4EFC-82B8-F637DC3DBB52}
		{8DB70A0E-2369-4E3E-8199-A89E618D962F} = {E9339DEA-1ADB-4EFC-82B8-F637DC3DBB52}
		{B83D9377-B63E-442B-B9C0-4E00B9DF6F7C} = {E8E0A46C-15E7-4F23-923D-150BD0F05B88}
		{F5EC52A2-12EF-4A93-B4C3-70FB0E4C07DF} = {E8E0A46C-15E7-4F23-923D-150BD0F05B88}
		{6F7AE1F5-D153-45E0-ADF0-F6A1320B9950} = {60DF2ED8-E728-44B6-B0CF-F74791A5E55E}
		{C5736B3E-88C5-47CA-AE54-5D77551EDBE6} = {60DF2ED8-E728-44B6-B0CF-F74791A5E55E}
		{DED200CE-3BD0-4A2C-B472-0BBCE6589E5C} = {60DF2ED8-E728-44B6-B0CF-F74791A5E55E}
		{78AA1E7E-722B-4167-B8D8-0723945C3B58} = {EC2BB981-600D-4D05-AC1A-3BA4A162CD16}
		{942EA1BA-D83E-4687-B165-436AA0BE87FE} = {60DF2ED8-E728-44B6-B0CF-F74791A5E55E}
		{238896D3-5CF8-4ED1-8F1D-729CC173C7EE} = {60DF2ED8-E728-44B6-B0CF-F74791A5E55E}
	EndGlobalSection
	GlobalSection(ExtensibilityGlobals) = postSolution
		SolutionGuid = {2CFCBC26-E0D0-4446-BC64-4856A14C75F7}
	EndGlobalSection
EndGlobal
